
Microsoft Visual Studio Solution File, Format Version 12.00
# Visual Studio Version 17
VisualStudioVersion = 17.14.36414.22
MinimumVisualStudioVersion = 10.0.40219.1
Project("{FAE04EC0-301F-11D3-BF4B-00C04F79EFBC}") = "FamilyVaultApi", "FamilyVaultApi\FamilyVaultApi.csproj", "{9E1D971C-2D24-46CE-8795-735E4758F715}"
EndProject
Project("{FAE04EC0-301F-11D3-BF4B-00C04F79EFBC}") = "FamilyVaultApi.UnitTests", "FamilyVaultApi.UnitTests\FamilyVaultApi.UnitTests.csproj", "{BF9FD79B-46A9-49BF-96F5-E2E92387D3BE}"
EndProject
Global
	GlobalSection(SolutionConfigurationPlatforms) = preSolution
		Debug|Any CPU = Debug|Any CPU
		Debug|x64 = Debug|x64
		Debug|x86 = Debug|x86
		Release|Any CPU = Release|Any CPU
		Release|x64 = Release|x64
		Release|x86 = Release|x86
	EndGlobalSection
	GlobalSection(ProjectConfigurationPlatforms) = postSolution
		{9E1D971C-2D24-46CE-8795-735E4758F715}.Debug|Any CPU.ActiveCfg = Debug|Any CPU
		{9E1D971C-2D24-46CE-8795-735E4758F715}.Debug|Any CPU.Build.0 = Debug|Any CPU
		{9E1D971C-2D24-46CE-8795-735E4758F715}.Debug|x64.ActiveCfg = Debug|Any CPU
		{9E1D971C-2D24-46CE-8795-735E4758F715}.Debug|x64.Build.0 = Debug|Any CPU
		{9E1D971C-2D24-46CE-8795-735E4758F715}.Debug|x86.ActiveCfg = Debug|Any CPU
		{9E1D971C-2D24-46CE-8795-735E4758F715}.Debug|x86.Build.0 = Debug|Any CPU
		{9E1D971C-2D24-46CE-8795-735E4758F715}.Release|Any CPU.ActiveCfg = Release|Any CPU
		{9E1D971C-2D24-46CE-8795-735E4758F715}.Release|Any CPU.Build.0 = Release|Any CPU
		{9E1D971C-2D24-46CE-8795-735E4758F715}.Release|x64.ActiveCfg = Release|Any CPU
		{9E1D971C-2D24-46CE-8795-735E4758F715}.Release|x64.Build.0 = Release|Any CPU
		{9E1D971C-2D24-46CE-8795-735E4758F715}.Release|x86.ActiveCfg = Release|Any CPU
		{9E1D971C-2D24-46CE-8795-735E4758F715}.Release|x86.Build.0 = Release|Any CPU
		{BF9FD79B-46A9-49BF-96F5-E2E92387D3BE}.Debug|Any CPU.ActiveCfg = Debug|Any CPU
		{BF9FD79B-46A9-49BF-96F5-E2E92387D3BE}.Debug|Any CPU.Build.0 = Debug|Any CPU
		{BF9FD79B-46A9-49BF-96F5-E2E92387D3BE}.Debug|x64.ActiveCfg = Debug|Any CPU
		{BF9FD79B-46A9-49BF-96F5-E2E92387D3BE}.Debug|x64.Build.0 = Debug|Any CPU
		{BF9FD79B-46A9-49BF-96F5-E2E92387D3BE}.Debug|x86.ActiveCfg = Debug|Any CPU
		{BF9FD79B-46A9-49BF-96F5-E2E92387D3BE}.Debug|x86.Build.0 = Debug|Any CPU
		{BF9FD79B-46A9-49BF-96F5-E2E92387D3BE}.Release|Any CPU.ActiveCfg = Release|Any CPU
		{BF9FD79B-46A9-49BF-96F5-E2E92387D3BE}.Release|Any CPU.Build.0 = Release|Any CPU
		{BF9FD79B-46A9-49BF-96F5-E2E92387D3BE}.Release|x64.ActiveCfg = Release|Any CPU
		{BF9FD79B-46A9-49BF-96F5-E2E92387D3BE}.Release|x64.Build.0 = Release|Any CPU
		{BF9FD79B-46A9-49BF-96F5-E2E92387D3BE}.Release|x86.ActiveCfg = Release|Any CPU
		{BF9FD79B-46A9-49BF-96F5-E2E92387D3BE}.Release|x86.Build.0 = Release|Any CPU
	EndGlobalSection
	GlobalSection(SolutionProperties) = preSolution
		HideSolutionNode = FALSE
	EndGlobalSection
	GlobalSection(ExtensibilityGlobals) = postSolution
		SolutionGuid = {EED9BEC5-C797-4FEB-8088-1EF1CADC865E}
	EndGlobalSection
EndGlobal
