
Microsoft Visual Studio Solution File, Format Version 12.00
# Visual Studio Version 17
VisualStudioVersion = 17.14.36414.22 d17.14
MinimumVisualStudioVersion = 10.0.40219.1
Project("{FAE04EC0-301F-11D3-BF4B-00C04F79EFBC}") = "family-vault-api", "family-vault-api.csproj", "{607F4578-4F2D-4990-96EA-F65A4FA41D68}"
EndProject
Global
	GlobalSection(SolutionConfigurationPlatforms) = preSolution
		Debug|Any CPU = Debug|Any CPU
		Release|Any CPU = Release|Any CPU
	EndGlobalSection
	GlobalSection(ProjectConfigurationPlatforms) = postSolution
		{607F4578-4F2D-4990-96EA-F65A4FA41D68}.Debug|Any CPU.ActiveCfg = Debug|Any CPU
		{607F4578-4F2D-4990-96EA-F65A4FA41D68}.Debug|Any CPU.Build.0 = Debug|Any CPU
		{607F4578-4F2D-4990-96EA-F65A4FA41D68}.Release|Any CPU.ActiveCfg = Release|Any CPU
		{607F4578-4F2D-4990-96EA-F65A4FA41D68}.Release|Any CPU.Build.0 = Release|Any CPU
	EndGlobalSection
	GlobalSection(SolutionProperties) = preSolution
		HideSolutionNode = FALSE
	EndGlobalSection
	GlobalSection(ExtensibilityGlobals) = postSolution
		SolutionGuid = {51F4825B-380A-44EC-AE5E-9BA6A2A13F68}
	EndGlobalSection
EndGlobal
